
Microsoft Visual Studio Solution File, Format Version 12.00
# Visual Studio Version 17
VisualStudioVersion = 17.0.31903.59
MinimumVisualStudioVersion = 10.0.40219.1
Project("{2150E333-8FDC-42A3-9474-1A3956D46DE8}") = "src", "src", "{827E0CD3-B72D-47B6-A68D-7590B98EB39B}"
EndProject
Project("{FAE04EC0-301F-11D3-BF4B-00C04F79EFBC}") = "CourseService.Domain", "src\CourseService.Domain\CourseService.Domain.csproj", "{91BDB7D5-6846-4902-A32A-65D1C85D8CBE}"
EndProject
Project("{FAE04EC0-301F-11D3-BF4B-00C04F79EFBC}") = "CourseService.Application", "src\CourseService.Application\CourseService.Application.csproj", "{E7132726-3863-494D-8F96-09A362D300AC}"
EndProject
Project("{FAE04EC0-301F-11D3-BF4B-00C04F79EFBC}") = "CourseService.Infrastructure", "src\CourseService.Infrastructure\CourseService.Infrastructure.csproj", "{5A957AEE-62B5-4C7F-80C8-BA94700B1A5D}"
EndProject
Project("{FAE04EC0-301F-11D3-BF4B-00C04F79EFBC}") = "CourseService.WebApi", "src\CourseService.WebApi\CourseService.WebApi.csproj", "{19A5F050-8E6C-471C-B83A-1CD97AAE3349}"
EndProject
Project("{2150E333-8FDC-42A3-9474-1A3956D46DE8}") = "Docker", "Docker", "{8EC462FD-D22E-90A8-E5CE-7E832BA40C5D}"
	ProjectSection(SolutionItems) = preProject
		Docker\Dockerfile = Docker\Dockerfile
	EndProjectSection
EndProject
Project("{2150E333-8FDC-42A3-9474-1A3956D46DE8}") = "tests", "tests", "{02EA681E-C7D8-13C7-8484-4AC65E1B71E8}"
EndProject
Project("{FAE04EC0-301F-11D3-BF4B-00C04F79EFBC}") = "CourseService.WebApi.Tests", "tests\CourseService.WebApi.Tests\CourseService.WebApi.Tests.csproj", "{48AB18A2-E5E5-4A69-94A4-D8155C192592}"
EndProject
Project("{FAE04EC0-301F-11D3-BF4B-00C04F79EFBC}") = "CourseService.Application.Tests", "tests\CourseService.Application.Tests\CourseService.Application.Tests.csproj", "{9C8A5A4B-D382-4E3D-8400-9659C095659C}"
EndProject
Project("{FAE04EC0-301F-11D3-BF4B-00C04F79EFBC}") = "CourseService.Infrastructure.Tests", "tests\CourseService.Infrastructure.Tests\CourseService.Infrastructure.Tests.csproj", "{67039ED7-A4AF-4B2E-8E2C-887B1D7C606F}"
EndProject
Project("{FAE04EC0-301F-11D3-BF4B-00C04F79EFBC}") = "CourseService.Common", "tests\CourseService.Common\CourseService.Common.csproj", "{73C86BB7-BFEF-440A-85D7-636BEA9F5D67}"
EndProject
Global
	GlobalSection(SolutionConfigurationPlatforms) = preSolution
		Debug|Any CPU = Debug|Any CPU
		Debug|x64 = Debug|x64
		Debug|x86 = Debug|x86
		Release|Any CPU = Release|Any CPU
		Release|x64 = Release|x64
		Release|x86 = Release|x86
	EndGlobalSection
	GlobalSection(ProjectConfigurationPlatforms) = postSolution
		{91BDB7D5-6846-4902-A32A-65D1C85D8CBE}.Debug|Any CPU.ActiveCfg = Debug|Any CPU
		{91BDB7D5-6846-4902-A32A-65D1C85D8CBE}.Debug|Any CPU.Build.0 = Debug|Any CPU
		{91BDB7D5-6846-4902-A32A-65D1C85D8CBE}.Debug|x64.ActiveCfg = Debug|Any CPU
		{91BDB7D5-6846-4902-A32A-65D1C85D8CBE}.Debug|x64.Build.0 = Debug|Any CPU
		{91BDB7D5-6846-4902-A32A-65D1C85D8CBE}.Debug|x86.ActiveCfg = Debug|Any CPU
		{91BDB7D5-6846-4902-A32A-65D1C85D8CBE}.Debug|x86.Build.0 = Debug|Any CPU
		{91BDB7D5-6846-4902-A32A-65D1C85D8CBE}.Release|Any CPU.ActiveCfg = Release|Any CPU
		{91BDB7D5-6846-4902-A32A-65D1C85D8CBE}.Release|Any CPU.Build.0 = Release|Any CPU
		{91BDB7D5-6846-4902-A32A-65D1C85D8CBE}.Release|x64.ActiveCfg = Release|Any CPU
		{91BDB7D5-6846-4902-A32A-65D1C85D8CBE}.Release|x64.Build.0 = Release|Any CPU
		{91BDB7D5-6846-4902-A32A-65D1C85D8CBE}.Release|x86.ActiveCfg = Release|Any CPU
		{91BDB7D5-6846-4902-A32A-65D1C85D8CBE}.Release|x86.Build.0 = Release|Any CPU
		{E7132726-3863-494D-8F96-09A362D300AC}.Debug|Any CPU.ActiveCfg = Debug|Any CPU
		{E7132726-3863-494D-8F96-09A362D300AC}.Debug|Any CPU.Build.0 = Debug|Any CPU
		{E7132726-3863-494D-8F96-09A362D300AC}.Debug|x64.ActiveCfg = Debug|Any CPU
		{E7132726-3863-494D-8F96-09A362D300AC}.Debug|x64.Build.0 = Debug|Any CPU
		{E7132726-3863-494D-8F96-09A362D300AC}.Debug|x86.ActiveCfg = Debug|Any CPU
		{E7132726-3863-494D-8F96-09A362D300AC}.Debug|x86.Build.0 = Debug|Any CPU
		{E7132726-3863-494D-8F96-09A362D300AC}.Release|Any CPU.ActiveCfg = Release|Any CPU
		{E7132726-3863-494D-8F96-09A362D300AC}.Release|Any CPU.Build.0 = Release|Any CPU
		{E7132726-3863-494D-8F96-09A362D300AC}.Release|x64.ActiveCfg = Release|Any CPU
		{E7132726-3863-494D-8F96-09A362D300AC}.Release|x64.Build.0 = Release|Any CPU
		{E7132726-3863-494D-8F96-09A362D300AC}.Release|x86.ActiveCfg = Release|Any CPU
		{E7132726-3863-494D-8F96-09A362D300AC}.Release|x86.Build.0 = Release|Any CPU
		{5A957AEE-62B5-4C7F-80C8-BA94700B1A5D}.Debug|Any CPU.ActiveCfg = Debug|Any CPU
		{5A957AEE-62B5-4C7F-80C8-BA94700B1A5D}.Debug|Any CPU.Build.0 = Debug|Any CPU
		{5A957AEE-62B5-4C7F-80C8-BA94700B1A5D}.Debug|x64.ActiveCfg = Debug|Any CPU
		{5A957AEE-62B5-4C7F-80C8-BA94700B1A5D}.Debug|x64.Build.0 = Debug|Any CPU
		{5A957AEE-62B5-4C7F-80C8-BA94700B1A5D}.Debug|x86.ActiveCfg = Debug|Any CPU
		{5A957AEE-62B5-4C7F-80C8-BA94700B1A5D}.Debug|x86.Build.0 = Debug|Any CPU
		{5A957AEE-62B5-4C7F-80C8-BA94700B1A5D}.Release|Any CPU.ActiveCfg = Release|Any CPU
		{5A957AEE-62B5-4C7F-80C8-BA94700B1A5D}.Release|Any CPU.Build.0 = Release|Any CPU
		{5A957AEE-62B5-4C7F-80C8-BA94700B1A5D}.Release|x64.ActiveCfg = Release|Any CPU
		{5A957AEE-62B5-4C7F-80C8-BA94700B1A5D}.Release|x64.Build.0 = Release|Any CPU
		{5A957AEE-62B5-4C7F-80C8-BA94700B1A5D}.Release|x86.ActiveCfg = Release|Any CPU
		{5A957AEE-62B5-4C7F-80C8-BA94700B1A5D}.Release|x86.Build.0 = Release|Any CPU
		{19A5F050-8E6C-471C-B83A-1CD97AAE3349}.Debug|Any CPU.ActiveCfg = Debug|Any CPU
		{19A5F050-8E6C-471C-B83A-1CD97AAE3349}.Debug|Any CPU.Build.0 = Debug|Any CPU
		{19A5F050-8E6C-471C-B83A-1CD97AAE3349}.Debug|x64.ActiveCfg = Debug|Any CPU
		{19A5F050-8E6C-471C-B83A-1CD97AAE3349}.Debug|x64.Build.0 = Debug|Any CPU
		{19A5F050-8E6C-471C-B83A-1CD97AAE3349}.Debug|x86.ActiveCfg = Debug|Any CPU
		{19A5F050-8E6C-471C-B83A-1CD97AAE3349}.Debug|x86.Build.0 = Debug|Any CPU
		{19A5F050-8E6C-471C-B83A-1CD97AAE3349}.Release|Any CPU.ActiveCfg = Release|Any CPU
		{19A5F050-8E6C-471C-B83A-1CD97AAE3349}.Release|Any CPU.Build.0 = Release|Any CPU
		{19A5F050-8E6C-471C-B83A-1CD97AAE3349}.Release|x64.ActiveCfg = Release|Any CPU
		{19A5F050-8E6C-471C-B83A-1CD97AAE3349}.Release|x64.Build.0 = Release|Any CPU
		{19A5F050-8E6C-471C-B83A-1CD97AAE3349}.Release|x86.ActiveCfg = Release|Any CPU
		{19A5F050-8E6C-471C-B83A-1CD97AAE3349}.Release|x86.Build.0 = Release|Any CPU
		{48AB18A2-E5E5-4A69-94A4-D8155C192592}.Debug|Any CPU.ActiveCfg = Debug|Any CPU
		{48AB18A2-E5E5-4A69-94A4-D8155C192592}.Debug|Any CPU.Build.0 = Debug|Any CPU
		{48AB18A2-E5E5-4A69-94A4-D8155C192592}.Debug|x64.ActiveCfg = Debug|Any CPU
		{48AB18A2-E5E5-4A69-94A4-D8155C192592}.Debug|x64.Build.0 = Debug|Any CPU
		{48AB18A2-E5E5-4A69-94A4-D8155C192592}.Debug|x86.ActiveCfg = Debug|Any CPU
		{48AB18A2-E5E5-4A69-94A4-D8155C192592}.Debug|x86.Build.0 = Debug|Any CPU
		{48AB18A2-E5E5-4A69-94A4-D8155C192592}.Release|Any CPU.ActiveCfg = Release|Any CPU
		{48AB18A2-E5E5-4A69-94A4-D8155C192592}.Release|Any CPU.Build.0 = Release|Any CPU
		{48AB18A2-E5E5-4A69-94A4-D8155C192592}.Release|x64.ActiveCfg = Release|Any CPU
		{48AB18A2-E5E5-4A69-94A4-D8155C192592}.Release|x64.Build.0 = Release|Any CPU
		{48AB18A2-E5E5-4A69-94A4-D8155C192592}.Release|x86.ActiveCfg = Release|Any CPU
		{48AB18A2-E5E5-4A69-94A4-D8155C192592}.Release|x86.Build.0 = Release|Any CPU
		{9C8A5A4B-D382-4E3D-8400-9659C095659C}.Debug|Any CPU.ActiveCfg = Debug|Any CPU
		{9C8A5A4B-D382-4E3D-8400-9659C095659C}.Debug|Any CPU.Build.0 = Debug|Any CPU
		{9C8A5A4B-D382-4E3D-8400-9659C095659C}.Debug|x64.ActiveCfg = Debug|Any CPU
		{9C8A5A4B-D382-4E3D-8400-9659C095659C}.Debug|x64.Build.0 = Debug|Any CPU
		{9C8A5A4B-D382-4E3D-8400-9659C095659C}.Debug|x86.ActiveCfg = Debug|Any CPU
		{9C8A5A4B-D382-4E3D-8400-9659C095659C}.Debug|x86.Build.0 = Debug|Any CPU
		{9C8A5A4B-D382-4E3D-8400-9659C095659C}.Release|Any CPU.ActiveCfg = Release|Any CPU
		{9C8A5A4B-D382-4E3D-8400-9659C095659C}.Release|Any CPU.Build.0 = Release|Any CPU
		{9C8A5A4B-D382-4E3D-8400-9659C095659C}.Release|x64.ActiveCfg = Release|Any CPU
		{9C8A5A4B-D382-4E3D-8400-9659C095659C}.Release|x64.Build.0 = Release|Any CPU
		{9C8A5A4B-D382-4E3D-8400-9659C095659C}.Release|x86.ActiveCfg = Release|Any CPU
		{9C8A5A4B-D382-4E3D-8400-9659C095659C}.Release|x86.Build.0 = Release|Any CPU
		{67039ED7-A4AF-4B2E-8E2C-887B1D7C606F}.Debug|Any CPU.ActiveCfg = Debug|Any CPU
		{67039ED7-A4AF-4B2E-8E2C-887B1D7C606F}.Debug|Any CPU.Build.0 = Debug|Any CPU
		{67039ED7-A4AF-4B2E-8E2C-887B1D7C606F}.Debug|x64.ActiveCfg = Debug|Any CPU
		{67039ED7-A4AF-4B2E-8E2C-887B1D7C606F}.Debug|x64.Build.0 = Debug|Any CPU
		{67039ED7-A4AF-4B2E-8E2C-887B1D7C606F}.Debug|x86.ActiveCfg = Debug|Any CPU
		{67039ED7-A4AF-4B2E-8E2C-887B1D7C606F}.Debug|x86.Build.0 = Debug|Any CPU
		{67039ED7-A4AF-4B2E-8E2C-887B1D7C606F}.Release|Any CPU.ActiveCfg = Release|Any CPU
		{67039ED7-A4AF-4B2E-8E2C-887B1D7C606F}.Release|Any CPU.Build.0 = Release|Any CPU
		{67039ED7-A4AF-4B2E-8E2C-887B1D7C606F}.Release|x64.ActiveCfg = Release|Any CPU
		{67039ED7-A4AF-4B2E-8E2C-887B1D7C606F}.Release|x64.Build.0 = Release|Any CPU
		{67039ED7-A4AF-4B2E-8E2C-887B1D7C606F}.Release|x86.ActiveCfg = Release|Any CPU
		{67039ED7-A4AF-4B2E-8E2C-887B1D7C606F}.Release|x86.Build.0 = Release|Any CPU
		{73C86BB7-BFEF-440A-85D7-636BEA9F5D67}.Debug|Any CPU.ActiveCfg = Debug|Any CPU
		{73C86BB7-BFEF-440A-85D7-636BEA9F5D67}.Debug|Any CPU.Build.0 = Debug|Any CPU
		{73C86BB7-BFEF-440A-85D7-636BEA9F5D67}.Debug|x64.ActiveCfg = Debug|Any CPU
		{73C86BB7-BFEF-440A-85D7-636BEA9F5D67}.Debug|x64.Build.0 = Debug|Any CPU
		{73C86BB7-BFEF-440A-85D7-636BEA9F5D67}.Debug|x86.ActiveCfg = Debug|Any CPU
		{73C86BB7-BFEF-440A-85D7-636BEA9F5D67}.Debug|x86.Build.0 = Debug|Any CPU
		{73C86BB7-BFEF-440A-85D7-636BEA9F5D67}.Release|Any CPU.ActiveCfg = Release|Any CPU
		{73C86BB7-BFEF-440A-85D7-636BEA9F5D67}.Release|Any CPU.Build.0 = Release|Any CPU
		{73C86BB7-BFEF-440A-85D7-636BEA9F5D67}.Release|x64.ActiveCfg = Release|Any CPU
		{73C86BB7-BFEF-440A-85D7-636BEA9F5D67}.Release|x64.Build.0 = Release|Any CPU
		{73C86BB7-BFEF-440A-85D7-636BEA9F5D67}.Release|x86.ActiveCfg = Release|Any CPU
		{73C86BB7-BFEF-440A-85D7-636BEA9F5D67}.Release|x86.Build.0 = Release|Any CPU
	EndGlobalSection
	GlobalSection(SolutionProperties) = preSolution
		HideSolutionNode = FALSE
	EndGlobalSection
	GlobalSection(NestedProjects) = preSolution
		{91BDB7D5-6846-4902-A32A-65D1C85D8CBE} = {827E0CD3-B72D-47B6-A68D-7590B98EB39B}
		{E7132726-3863-494D-8F96-09A362D300AC} = {827E0CD3-B72D-47B6-A68D-7590B98EB39B}
		{5A957AEE-62B5-4C7F-80C8-BA94700B1A5D} = {827E0CD3-B72D-47B6-A68D-7590B98EB39B}
		{19A5F050-8E6C-471C-B83A-1CD97AAE3349} = {827E0CD3-B72D-47B6-A68D-7590B98EB39B}
		{48AB18A2-E5E5-4A69-94A4-D8155C192592} = {02EA681E-C7D8-13C7-8484-4AC65E1B71E8}
		{9C8A5A4B-D382-4E3D-8400-9659C095659C} = {02EA681E-C7D8-13C7-8484-4AC65E1B71E8}
		{67039ED7-A4AF-4B2E-8E2C-887B1D7C606F} = {02EA681E-C7D8-13C7-8484-4AC65E1B71E8}
		{73C86BB7-BFEF-440A-85D7-636BEA9F5D67} = {02EA681E-C7D8-13C7-8484-4AC65E1B71E8}
	EndGlobalSection
	GlobalSection(ExtensibilityGlobals) = postSolution
		SolutionGuid = {DA406E84-17F4-4514-85C3-6F8CFA6D5D54}
	EndGlobalSection
EndGlobal
