
Microsoft Visual Studio Solution File, Format Version 12.00
# Visual Studio Version 17
VisualStudioVersion = 17.0.31903.59
MinimumVisualStudioVersion = 10.0.40219.1
Project("{2150E333-8FDC-42A3-9474-1A3956D46DE8}") = "src", "src", "{827E0CD3-B72D-47B6-A68D-7590B98EB39B}"
EndProject
Project("{FAE04EC0-301F-11D3-BF4B-00C04F79EFBC}") = "UserService.Domain", "src\UserService.Domain\UserService.Domain.csproj", "{22E25E29-ED43-4208-AD16-37D8C903A697}"
EndProject
Project("{FAE04EC0-301F-11D3-BF4B-00C04F79EFBC}") = "UserService.Application", "src\UserService.Application\UserService.Application.csproj", "{007AD09F-18C9-42CB-B255-7845EF89D0AB}"
EndProject
Project("{FAE04EC0-301F-11D3-BF4B-00C04F79EFBC}") = "UserService.Infrastructure", "src\UserService.Infrastructure\UserService.Infrastructure.csproj", "{C9A5A478-69C3-408F-80E8-68A6BCE01FA4}"
EndProject
Project("{FAE04EC0-301F-11D3-BF4B-00C04F79EFBC}") = "UserService.WebApi", "src\UserService.WebApi\UserService.WebApi.csproj", "{FA8C695E-89FF-4ACF-82BD-0B5EF946A0A1}"
EndProject
Project("{2150E333-8FDC-42A3-9474-1A3956D46DE8}") = "Docker", "Docker", "{02EA681E-C7D8-13C7-8484-4AC65E1B71E8}"
	ProjectSection(SolutionItems) = preProject
		Docker\Dockerfile = Docker\Dockerfile
	EndProjectSection
EndProject
Project("{2150E333-8FDC-42A3-9474-1A3956D46DE8}") = "tests", "tests", "{B5111359-65B9-4103-90BF-03712505173C}"
EndProject
Project("{FAE04EC0-301F-11D3-BF4B-00C04F79EFBC}") = "UserService.WebApi.Tests", "tests\UserService.WebApi.Tests\UserService.WebApi.Tests.csproj", "{77BF42CF-60FD-42A6-AE26-EEB49C94A367}"
EndProject
Project("{FAE04EC0-301F-11D3-BF4B-00C04F79EFBC}") = "UserService.Common", "tests\UserService.Common\UserService.Common.csproj", "{E01E0FFA-835A-4C50-A02D-80EDB68B5A57}"
EndProject
Project("{FAE04EC0-301F-11D3-BF4B-00C04F79EFBC}") = "UserService.Application.Tests", "tests\UserService.Application.Tests\UserService.Application.Tests.csproj", "{F6A1B86B-8497-48C9-9EE1-A8CBB78403FF}"
EndProject
Project("{FAE04EC0-301F-11D3-BF4B-00C04F79EFBC}") = "UserService.Infrastructure.Tests", "tests\UserService.Infrastructure.Tests\UserService.Infrastructure.Tests.csproj", "{36FDA7FF-7AD5-45ED-97CB-BFB3DB237740}"
EndProject
Global
	GlobalSection(SolutionConfigurationPlatforms) = preSolution
		Debug|Any CPU = Debug|Any CPU
		Debug|x64 = Debug|x64
		Debug|x86 = Debug|x86
		Release|Any CPU = Release|Any CPU
		Release|x64 = Release|x64
		Release|x86 = Release|x86
	EndGlobalSection
	GlobalSection(ProjectConfigurationPlatforms) = postSolution
		{22E25E29-ED43-4208-AD16-37D8C903A697}.Debug|Any CPU.ActiveCfg = Debug|Any CPU
		{22E25E29-ED43-4208-AD16-37D8C903A697}.Debug|Any CPU.Build.0 = Debug|Any CPU
		{22E25E29-ED43-4208-AD16-37D8C903A697}.Debug|x64.ActiveCfg = Debug|Any CPU
		{22E25E29-ED43-4208-AD16-37D8C903A697}.Debug|x64.Build.0 = Debug|Any CPU
		{22E25E29-ED43-4208-AD16-37D8C903A697}.Debug|x86.ActiveCfg = Debug|Any CPU
		{22E25E29-ED43-4208-AD16-37D8C903A697}.Debug|x86.Build.0 = Debug|Any CPU
		{22E25E29-ED43-4208-AD16-37D8C903A697}.Release|Any CPU.ActiveCfg = Release|Any CPU
		{22E25E29-ED43-4208-AD16-37D8C903A697}.Release|Any CPU.Build.0 = Release|Any CPU
		{22E25E29-ED43-4208-AD16-37D8C903A697}.Release|x64.ActiveCfg = Release|Any CPU
		{22E25E29-ED43-4208-AD16-37D8C903A697}.Release|x64.Build.0 = Release|Any CPU
		{22E25E29-ED43-4208-AD16-37D8C903A697}.Release|x86.ActiveCfg = Release|Any CPU
		{22E25E29-ED43-4208-AD16-37D8C903A697}.Release|x86.Build.0 = Release|Any CPU
		{007AD09F-18C9-42CB-B255-7845EF89D0AB}.Debug|Any CPU.ActiveCfg = Debug|Any CPU
		{007AD09F-18C9-42CB-B255-7845EF89D0AB}.Debug|Any CPU.Build.0 = Debug|Any CPU
		{007AD09F-18C9-42CB-B255-7845EF89D0AB}.Debug|x64.ActiveCfg = Debug|Any CPU
		{007AD09F-18C9-42CB-B255-7845EF89D0AB}.Debug|x64.Build.0 = Debug|Any CPU
		{007AD09F-18C9-42CB-B255-7845EF89D0AB}.Debug|x86.ActiveCfg = Debug|Any CPU
		{007AD09F-18C9-42CB-B255-7845EF89D0AB}.Debug|x86.Build.0 = Debug|Any CPU
		{007AD09F-18C9-42CB-B255-7845EF89D0AB}.Release|Any CPU.ActiveCfg = Release|Any CPU
		{007AD09F-18C9-42CB-B255-7845EF89D0AB}.Release|Any CPU.Build.0 = Release|Any CPU
		{007AD09F-18C9-42CB-B255-7845EF89D0AB}.Release|x64.ActiveCfg = Release|Any CPU
		{007AD09F-18C9-42CB-B255-7845EF89D0AB}.Release|x64.Build.0 = Release|Any CPU
		{007AD09F-18C9-42CB-B255-7845EF89D0AB}.Release|x86.ActiveCfg = Release|Any CPU
		{007AD09F-18C9-42CB-B255-7845EF89D0AB}.Release|x86.Build.0 = Release|Any CPU
		{C9A5A478-69C3-408F-80E8-68A6BCE01FA4}.Debug|Any CPU.ActiveCfg = Debug|Any CPU
		{C9A5A478-69C3-408F-80E8-68A6BCE01FA4}.Debug|Any CPU.Build.0 = Debug|Any CPU
		{C9A5A478-69C3-408F-80E8-68A6BCE01FA4}.Debug|x64.ActiveCfg = Debug|Any CPU
		{C9A5A478-69C3-408F-80E8-68A6BCE01FA4}.Debug|x64.Build.0 = Debug|Any CPU
		{C9A5A478-69C3-408F-80E8-68A6BCE01FA4}.Debug|x86.ActiveCfg = Debug|Any CPU
		{C9A5A478-69C3-408F-80E8-68A6BCE01FA4}.Debug|x86.Build.0 = Debug|Any CPU
		{C9A5A478-69C3-408F-80E8-68A6BCE01FA4}.Release|Any CPU.ActiveCfg = Release|Any CPU
		{C9A5A478-69C3-408F-80E8-68A6BCE01FA4}.Release|Any CPU.Build.0 = Release|Any CPU
		{C9A5A478-69C3-408F-80E8-68A6BCE01FA4}.Release|x64.ActiveCfg = Release|Any CPU
		{C9A5A478-69C3-408F-80E8-68A6BCE01FA4}.Release|x64.Build.0 = Release|Any CPU
		{C9A5A478-69C3-408F-80E8-68A6BCE01FA4}.Release|x86.ActiveCfg = Release|Any CPU
		{C9A5A478-69C3-408F-80E8-68A6BCE01FA4}.Release|x86.Build.0 = Release|Any CPU
		{FA8C695E-89FF-4ACF-82BD-0B5EF946A0A1}.Debug|Any CPU.ActiveCfg = Debug|Any CPU
		{FA8C695E-89FF-4ACF-82BD-0B5EF946A0A1}.Debug|Any CPU.Build.0 = Debug|Any CPU
		{FA8C695E-89FF-4ACF-82BD-0B5EF946A0A1}.Debug|x64.ActiveCfg = Debug|Any CPU
		{FA8C695E-89FF-4ACF-82BD-0B5EF946A0A1}.Debug|x64.Build.0 = Debug|Any CPU
		{FA8C695E-89FF-4ACF-82BD-0B5EF946A0A1}.Debug|x86.ActiveCfg = Debug|Any CPU
		{FA8C695E-89FF-4ACF-82BD-0B5EF946A0A1}.Debug|x86.Build.0 = Debug|Any CPU
		{FA8C695E-89FF-4ACF-82BD-0B5EF946A0A1}.Release|Any CPU.ActiveCfg = Release|Any CPU
		{FA8C695E-89FF-4ACF-82BD-0B5EF946A0A1}.Release|Any CPU.Build.0 = Release|Any CPU
		{FA8C695E-89FF-4ACF-82BD-0B5EF946A0A1}.Release|x64.ActiveCfg = Release|Any CPU
		{FA8C695E-89FF-4ACF-82BD-0B5EF946A0A1}.Release|x64.Build.0 = Release|Any CPU
		{FA8C695E-89FF-4ACF-82BD-0B5EF946A0A1}.Release|x86.ActiveCfg = Release|Any CPU
		{FA8C695E-89FF-4ACF-82BD-0B5EF946A0A1}.Release|x86.Build.0 = Release|Any CPU
		{77BF42CF-60FD-42A6-AE26-EEB49C94A367}.Debug|Any CPU.ActiveCfg = Debug|Any CPU
		{77BF42CF-60FD-42A6-AE26-EEB49C94A367}.Debug|Any CPU.Build.0 = Debug|Any CPU
		{77BF42CF-60FD-42A6-AE26-EEB49C94A367}.Debug|x64.ActiveCfg = Debug|Any CPU
		{77BF42CF-60FD-42A6-AE26-EEB49C94A367}.Debug|x64.Build.0 = Debug|Any CPU
		{77BF42CF-60FD-42A6-AE26-EEB49C94A367}.Debug|x86.ActiveCfg = Debug|Any CPU
		{77BF42CF-60FD-42A6-AE26-EEB49C94A367}.Debug|x86.Build.0 = Debug|Any CPU
		{77BF42CF-60FD-42A6-AE26-EEB49C94A367}.Release|Any CPU.ActiveCfg = Release|Any CPU
		{77BF42CF-60FD-42A6-AE26-EEB49C94A367}.Release|Any CPU.Build.0 = Release|Any CPU
		{77BF42CF-60FD-42A6-AE26-EEB49C94A367}.Release|x64.ActiveCfg = Release|Any CPU
		{77BF42CF-60FD-42A6-AE26-EEB49C94A367}.Release|x64.Build.0 = Release|Any CPU
		{77BF42CF-60FD-42A6-AE26-EEB49C94A367}.Release|x86.ActiveCfg = Release|Any CPU
		{77BF42CF-60FD-42A6-AE26-EEB49C94A367}.Release|x86.Build.0 = Release|Any CPU
		{E01E0FFA-835A-4C50-A02D-80EDB68B5A57}.Debug|Any CPU.ActiveCfg = Debug|Any CPU
		{E01E0FFA-835A-4C50-A02D-80EDB68B5A57}.Debug|Any CPU.Build.0 = Debug|Any CPU
		{E01E0FFA-835A-4C50-A02D-80EDB68B5A57}.Debug|x64.ActiveCfg = Debug|Any CPU
		{E01E0FFA-835A-4C50-A02D-80EDB68B5A57}.Debug|x64.Build.0 = Debug|Any CPU
		{E01E0FFA-835A-4C50-A02D-80EDB68B5A57}.Debug|x86.ActiveCfg = Debug|Any CPU
		{E01E0FFA-835A-4C50-A02D-80EDB68B5A57}.Debug|x86.Build.0 = Debug|Any CPU
		{E01E0FFA-835A-4C50-A02D-80EDB68B5A57}.Release|Any CPU.ActiveCfg = Release|Any CPU
		{E01E0FFA-835A-4C50-A02D-80EDB68B5A57}.Release|Any CPU.Build.0 = Release|Any CPU
		{E01E0FFA-835A-4C50-A02D-80EDB68B5A57}.Release|x64.ActiveCfg = Release|Any CPU
		{E01E0FFA-835A-4C50-A02D-80EDB68B5A57}.Release|x64.Build.0 = Release|Any CPU
		{E01E0FFA-835A-4C50-A02D-80EDB68B5A57}.Release|x86.ActiveCfg = Release|Any CPU
		{E01E0FFA-835A-4C50-A02D-80EDB68B5A57}.Release|x86.Build.0 = Release|Any CPU
		{F6A1B86B-8497-48C9-9EE1-A8CBB78403FF}.Debug|Any CPU.ActiveCfg = Debug|Any CPU
		{F6A1B86B-8497-48C9-9EE1-A8CBB78403FF}.Debug|Any CPU.Build.0 = Debug|Any CPU
		{F6A1B86B-8497-48C9-9EE1-A8CBB78403FF}.Debug|x64.ActiveCfg = Debug|Any CPU
		{F6A1B86B-8497-48C9-9EE1-A8CBB78403FF}.Debug|x64.Build.0 = Debug|Any CPU
		{F6A1B86B-8497-48C9-9EE1-A8CBB78403FF}.Debug|x86.ActiveCfg = Debug|Any CPU
		{F6A1B86B-8497-48C9-9EE1-A8CBB78403FF}.Debug|x86.Build.0 = Debug|Any CPU
		{F6A1B86B-8497-48C9-9EE1-A8CBB78403FF}.Release|Any CPU.ActiveCfg = Release|Any CPU
		{F6A1B86B-8497-48C9-9EE1-A8CBB78403FF}.Release|Any CPU.Build.0 = Release|Any CPU
		{F6A1B86B-8497-48C9-9EE1-A8CBB78403FF}.Release|x64.ActiveCfg = Release|Any CPU
		{F6A1B86B-8497-48C9-9EE1-A8CBB78403FF}.Release|x64.Build.0 = Release|Any CPU
		{F6A1B86B-8497-48C9-9EE1-A8CBB78403FF}.Release|x86.ActiveCfg = Release|Any CPU
		{F6A1B86B-8497-48C9-9EE1-A8CBB78403FF}.Release|x86.Build.0 = Release|Any CPU
		{36FDA7FF-7AD5-45ED-97CB-BFB3DB237740}.Debug|Any CPU.ActiveCfg = Debug|Any CPU
		{36FDA7FF-7AD5-45ED-97CB-BFB3DB237740}.Debug|Any CPU.Build.0 = Debug|Any CPU
		{36FDA7FF-7AD5-45ED-97CB-BFB3DB237740}.Debug|x64.ActiveCfg = Debug|Any CPU
		{36FDA7FF-7AD5-45ED-97CB-BFB3DB237740}.Debug|x64.Build.0 = Debug|Any CPU
		{36FDA7FF-7AD5-45ED-97CB-BFB3DB237740}.Debug|x86.ActiveCfg = Debug|Any CPU
		{36FDA7FF-7AD5-45ED-97CB-BFB3DB237740}.Debug|x86.Build.0 = Debug|Any CPU
		{36FDA7FF-7AD5-45ED-97CB-BFB3DB237740}.Release|Any CPU.ActiveCfg = Release|Any CPU
		{36FDA7FF-7AD5-45ED-97CB-BFB3DB237740}.Release|Any CPU.Build.0 = Release|Any CPU
		{36FDA7FF-7AD5-45ED-97CB-BFB3DB237740}.Release|x64.ActiveCfg = Release|Any CPU
		{36FDA7FF-7AD5-45ED-97CB-BFB3DB237740}.Release|x64.Build.0 = Release|Any CPU
		{36FDA7FF-7AD5-45ED-97CB-BFB3DB237740}.Release|x86.ActiveCfg = Release|Any CPU
		{36FDA7FF-7AD5-45ED-97CB-BFB3DB237740}.Release|x86.Build.0 = Release|Any CPU
	EndGlobalSection
	GlobalSection(SolutionProperties) = preSolution
		HideSolutionNode = FALSE
	EndGlobalSection
	GlobalSection(NestedProjects) = preSolution
		{22E25E29-ED43-4208-AD16-37D8C903A697} = {827E0CD3-B72D-47B6-A68D-7590B98EB39B}
		{007AD09F-18C9-42CB-B255-7845EF89D0AB} = {827E0CD3-B72D-47B6-A68D-7590B98EB39B}
		{C9A5A478-69C3-408F-80E8-68A6BCE01FA4} = {827E0CD3-B72D-47B6-A68D-7590B98EB39B}
		{FA8C695E-89FF-4ACF-82BD-0B5EF946A0A1} = {827E0CD3-B72D-47B6-A68D-7590B98EB39B}
		{77BF42CF-60FD-42A6-AE26-EEB49C94A367} = {B5111359-65B9-4103-90BF-03712505173C}
		{E01E0FFA-835A-4C50-A02D-80EDB68B5A57} = {B5111359-65B9-4103-90BF-03712505173C}
		{F6A1B86B-8497-48C9-9EE1-A8CBB78403FF} = {B5111359-65B9-4103-90BF-03712505173C}
		{36FDA7FF-7AD5-45ED-97CB-BFB3DB237740} = {B5111359-65B9-4103-90BF-03712505173C}
	EndGlobalSection
	GlobalSection(ExtensibilityGlobals) = postSolution
		SolutionGuid = {C359D1FA-3020-4FF7-AA98-27D40C4C638E}
	EndGlobalSection
EndGlobal
